
Microsoft Visual Studio Solution File, Format Version 12.00
# Visual Studio Version 17
VisualStudioVersion = 17.11.35222.181
MinimumVisualStudioVersion = 10.0.40219.1
Project("{FAE04EC0-301F-11D3-BF4B-00C04F79EFBC}") = "GoVisit", "GoVisit.csproj", "{8133AD6B-03DB-4EF6-A175-52982E052A85}"
EndProject
Global
	GlobalSection(SolutionConfigurationPlatforms) = preSolution
		Debug|Any CPU = Debug|Any CPU
		Release|Any CPU = Release|Any CPU
	EndGlobalSection
	GlobalSection(ProjectConfigurationPlatforms) = postSolution
		{8133AD6B-03DB-4EF6-A175-52982E052A85}.Debug|Any CPU.ActiveCfg = Debug|Any CPU
		{8133AD6B-03DB-4EF6-A175-52982E052A85}.Debug|Any CPU.Build.0 = Debug|Any CPU
		{8133AD6B-03DB-4EF6-A175-52982E052A85}.Release|Any CPU.ActiveCfg = Release|Any CPU
		{8133AD6B-03DB-4EF6-A175-52982E052A85}.Release|Any CPU.Build.0 = Release|Any CPU
	EndGlobalSection
	GlobalSection(SolutionProperties) = preSolution
		HideSolutionNode = FALSE
	EndGlobalSection
	GlobalSection(ExtensibilityGlobals) = postSolution
		SolutionGuid = {F4942A9F-825A-4EA4-B07E-C636D25F8EC8}
	EndGlobalSection
EndGlobal
